
Microsoft Visual Studio Solution File, Format Version 12.00
# Visual Studio Version 16
VisualStudioVersion = 16.0.31729.503
MinimumVisualStudioVersion = 10.0.40219.1
Project("{8BC9CEB8-8B4A-11D0-8D11-00A0C91BC942}") = "OfStream4", "ProjectEostream\ProjectEostream.vcxproj", "{746E7FA3-DD42-44B3-BD8A-3F5F344D9473}"
EndProject
Project("{8BC9CEB8-8B4A-11D0-8D11-00A0C91BC942}") = "Project5C++OfStream", "Project5C++\Project5C++.vcxproj", "{46CDA104-D20D-4773-AF93-3B9C52CB9D17}"
EndProject
Project("{8BC9CEB8-8B4A-11D0-8D11-00A0C91BC942}") = "ProjectIfSream6", "ProjectIfSream\ProjectIfSream.vcxproj", "{78209231-A563-4C30-B83C-3380EC48FCEA}"
EndProject
Project("{8BC9CEB8-8B4A-11D0-8D11-00A0C91BC942}") = "Project7Class", "Project7Class\Project7Class.vcxproj", "{257EF929-9A39-46A3-B7C0-82EC1E5D9E6B}"
EndProject
Project("{8BC9CEB8-8B4A-11D0-8D11-00A0C91BC942}") = "ProjectWrite1111111", "ProjectRead\ProjectRead.vcxproj", "{38AB3002-321F-43F3-AA39-1E1C97785AF5}"
EndProject
Project("{8BC9CEB8-8B4A-11D0-8D11-00A0C91BC942}") = "ProjectREAD22222222", "ProjectRead22222222\ProjectRead22222222.vcxproj", "{55DB7BC0-B876-4A24-92A5-09F9CFB75913}"
EndProject
Project("{8BC9CEB8-8B4A-11D0-8D11-00A0C91BC942}") = "ProjectREADArr333333", "ProjectReadArr333333\ProjectReadArr333333.vcxproj", "{EB7F342F-5362-4124-99E1-51EC756E2703}"
EndProject
Project("{8BC9CEB8-8B4A-11D0-8D11-00A0C91BC942}") = "ProjectStringREAD4444444", "ProjectString4444444\ProjectString4444444.vcxproj", "{D5C18864-5425-4917-BFDC-618A136C25CC}"
EndProject
Project("{8BC9CEB8-8B4A-11D0-8D11-00A0C91BC942}") = "ProjectWrite55555555", "ProjectWrite55555555\ProjectWrite55555555.vcxproj", "{6B1CB5C8-7524-48D3-A15B-7CA8AEB2790D}"
EndProject
Project("{8BC9CEB8-8B4A-11D0-8D11-00A0C91BC942}") = "ProjectStructWRITE66666", "ProjectStructWRITE66666\ProjectStructWRITE66666.vcxproj", "{85EC78FB-A9F1-425A-B478-9B3CF38E3037}"
EndProject
Project("{8BC9CEB8-8B4A-11D0-8D11-00A0C91BC942}") = "Project1Template1", "Project1Template1\Project1Template1.vcxproj", "{723B56E8-75E1-434A-9552-6DE460C82740}"
EndProject
Global
	GlobalSection(SolutionConfigurationPlatforms) = preSolution
		Debug|x64 = Debug|x64
		Debug|x86 = Debug|x86
		Release|x64 = Release|x64
		Release|x86 = Release|x86
	EndGlobalSection
	GlobalSection(ProjectConfigurationPlatforms) = postSolution
		{746E7FA3-DD42-44B3-BD8A-3F5F344D9473}.Debug|x64.ActiveCfg = Debug|x64
		{746E7FA3-DD42-44B3-BD8A-3F5F344D9473}.Debug|x64.Build.0 = Debug|x64
		{746E7FA3-DD42-44B3-BD8A-3F5F344D9473}.Debug|x86.ActiveCfg = Debug|Win32
		{746E7FA3-DD42-44B3-BD8A-3F5F344D9473}.Debug|x86.Build.0 = Debug|Win32
		{746E7FA3-DD42-44B3-BD8A-3F5F344D9473}.Release|x64.ActiveCfg = Release|x64
		{746E7FA3-DD42-44B3-BD8A-3F5F344D9473}.Release|x64.Build.0 = Release|x64
		{746E7FA3-DD42-44B3-BD8A-3F5F344D9473}.Release|x86.ActiveCfg = Release|Win32
		{746E7FA3-DD42-44B3-BD8A-3F5F344D9473}.Release|x86.Build.0 = Release|Win32
		{46CDA104-D20D-4773-AF93-3B9C52CB9D17}.Debug|x64.ActiveCfg = Debug|x64
		{46CDA104-D20D-4773-AF93-3B9C52CB9D17}.Debug|x64.Build.0 = Debug|x64
		{46CDA104-D20D-4773-AF93-3B9C52CB9D17}.Debug|x86.ActiveCfg = Debug|Win32
		{46CDA104-D20D-4773-AF93-3B9C52CB9D17}.Debug|x86.Build.0 = Debug|Win32
		{46CDA104-D20D-4773-AF93-3B9C52CB9D17}.Release|x64.ActiveCfg = Release|x64
		{46CDA104-D20D-4773-AF93-3B9C52CB9D17}.Release|x64.Build.0 = Release|x64
		{46CDA104-D20D-4773-AF93-3B9C52CB9D17}.Release|x86.ActiveCfg = Release|Win32
		{46CDA104-D20D-4773-AF93-3B9C52CB9D17}.Release|x86.Build.0 = Release|Win32
		{78209231-A563-4C30-B83C-3380EC48FCEA}.Debug|x64.ActiveCfg = Debug|x64
		{78209231-A563-4C30-B83C-3380EC48FCEA}.Debug|x64.Build.0 = Debug|x64
		{78209231-A563-4C30-B83C-3380EC48FCEA}.Debug|x86.ActiveCfg = Debug|Win32
		{78209231-A563-4C30-B83C-3380EC48FCEA}.Debug|x86.Build.0 = Debug|Win32
		{78209231-A563-4C30-B83C-3380EC48FCEA}.Release|x64.ActiveCfg = Release|x64
		{78209231-A563-4C30-B83C-3380EC48FCEA}.Release|x64.Build.0 = Release|x64
		{78209231-A563-4C30-B83C-3380EC48FCEA}.Release|x86.ActiveCfg = Release|Win32
		{78209231-A563-4C30-B83C-3380EC48FCEA}.Release|x86.Build.0 = Release|Win32
		{257EF929-9A39-46A3-B7C0-82EC1E5D9E6B}.Debug|x64.ActiveCfg = Debug|x64
		{257EF929-9A39-46A3-B7C0-82EC1E5D9E6B}.Debug|x64.Build.0 = Debug|x64
		{257EF929-9A39-46A3-B7C0-82EC1E5D9E6B}.Debug|x86.ActiveCfg = Debug|Win32
		{257EF929-9A39-46A3-B7C0-82EC1E5D9E6B}.Debug|x86.Build.0 = Debug|Win32
		{257EF929-9A39-46A3-B7C0-82EC1E5D9E6B}.Release|x64.ActiveCfg = Release|x64
		{257EF929-9A39-46A3-B7C0-82EC1E5D9E6B}.Release|x64.Build.0 = Release|x64
		{257EF929-9A39-46A3-B7C0-82EC1E5D9E6B}.Release|x86.ActiveCfg = Release|Win32
		{257EF929-9A39-46A3-B7C0-82EC1E5D9E6B}.Release|x86.Build.0 = Release|Win32
		{38AB3002-321F-43F3-AA39-1E1C97785AF5}.Debug|x64.ActiveCfg = Debug|x64
		{38AB3002-321F-43F3-AA39-1E1C97785AF5}.Debug|x64.Build.0 = Debug|x64
		{38AB3002-321F-43F3-AA39-1E1C97785AF5}.Debug|x86.ActiveCfg = Debug|Win32
		{38AB3002-321F-43F3-AA39-1E1C97785AF5}.Debug|x86.Build.0 = Debug|Win32
		{38AB3002-321F-43F3-AA39-1E1C97785AF5}.Release|x64.ActiveCfg = Release|x64
		{38AB3002-321F-43F3-AA39-1E1C97785AF5}.Release|x64.Build.0 = Release|x64
		{38AB3002-321F-43F3-AA39-1E1C97785AF5}.Release|x86.ActiveCfg = Release|Win32
		{38AB3002-321F-43F3-AA39-1E1C97785AF5}.Release|x86.Build.0 = Release|Win32
		{55DB7BC0-B876-4A24-92A5-09F9CFB75913}.Debug|x64.ActiveCfg = Debug|x64
		{55DB7BC0-B876-4A24-92A5-09F9CFB75913}.Debug|x64.Build.0 = Debug|x64
		{55DB7BC0-B876-4A24-92A5-09F9CFB75913}.Debug|x86.ActiveCfg = Debug|Win32
		{55DB7BC0-B876-4A24-92A5-09F9CFB75913}.Debug|x86.Build.0 = Debug|Win32
		{55DB7BC0-B876-4A24-92A5-09F9CFB75913}.Release|x64.ActiveCfg = Release|x64
		{55DB7BC0-B876-4A24-92A5-09F9CFB75913}.Release|x64.Build.0 = Release|x64
		{55DB7BC0-B876-4A24-92A5-09F9CFB75913}.Release|x86.ActiveCfg = Release|Win32
		{55DB7BC0-B876-4A24-92A5-09F9CFB75913}.Release|x86.Build.0 = Release|Win32
		{EB7F342F-5362-4124-99E1-51EC756E2703}.Debug|x64.ActiveCfg = Debug|x64
		{EB7F342F-5362-4124-99E1-51EC756E2703}.Debug|x64.Build.0 = Debug|x64
		{EB7F342F-5362-4124-99E1-51EC756E2703}.Debug|x86.ActiveCfg = Debug|Win32
		{EB7F342F-5362-4124-99E1-51EC756E2703}.Debug|x86.Build.0 = Debug|Win32
		{EB7F342F-5362-4124-99E1-51EC756E2703}.Release|x64.ActiveCfg = Release|x64
		{EB7F342F-5362-4124-99E1-51EC756E2703}.Release|x64.Build.0 = Release|x64
		{EB7F342F-5362-4124-99E1-51EC756E2703}.Release|x86.ActiveCfg = Release|Win32
		{EB7F342F-5362-4124-99E1-51EC756E2703}.Release|x86.Build.0 = Release|Win32
		{D5C18864-5425-4917-BFDC-618A136C25CC}.Debug|x64.ActiveCfg = Debug|x64
		{D5C18864-5425-4917-BFDC-618A136C25CC}.Debug|x64.Build.0 = Debug|x64
		{D5C18864-5425-4917-BFDC-618A136C25CC}.Debug|x86.ActiveCfg = Debug|Win32
		{D5C18864-5425-4917-BFDC-618A136C25CC}.Debug|x86.Build.0 = Debug|Win32
		{D5C18864-5425-4917-BFDC-618A136C25CC}.Release|x64.ActiveCfg = Release|x64
		{D5C18864-5425-4917-BFDC-618A136C25CC}.Release|x64.Build.0 = Release|x64
		{D5C18864-5425-4917-BFDC-618A136C25CC}.Release|x86.ActiveCfg = Release|Win32
		{D5C18864-5425-4917-BFDC-618A136C25CC}.Release|x86.Build.0 = Release|Win32
		{6B1CB5C8-7524-48D3-A15B-7CA8AEB2790D}.Debug|x64.ActiveCfg = Debug|x64
		{6B1CB5C8-7524-48D3-A15B-7CA8AEB2790D}.Debug|x64.Build.0 = Debug|x64
		{6B1CB5C8-7524-48D3-A15B-7CA8AEB2790D}.Debug|x86.ActiveCfg = Debug|Win32
		{6B1CB5C8-7524-48D3-A15B-7CA8AEB2790D}.Debug|x86.Build.0 = Debug|Win32
		{6B1CB5C8-7524-48D3-A15B-7CA8AEB2790D}.Release|x64.ActiveCfg = Release|x64
		{6B1CB5C8-7524-48D3-A15B-7CA8AEB2790D}.Release|x64.Build.0 = Release|x64
		{6B1CB5C8-7524-48D3-A15B-7CA8AEB2790D}.Release|x86.ActiveCfg = Release|Win32
		{6B1CB5C8-7524-48D3-A15B-7CA8AEB2790D}.Release|x86.Build.0 = Release|Win32
		{85EC78FB-A9F1-425A-B478-9B3CF38E3037}.Debug|x64.ActiveCfg = Debug|x64
		{85EC78FB-A9F1-425A-B478-9B3CF38E3037}.Debug|x64.Build.0 = Debug|x64
		{85EC78FB-A9F1-425A-B478-9B3CF38E3037}.Debug|x86.ActiveCfg = Debug|Win32
		{85EC78FB-A9F1-425A-B478-9B3CF38E3037}.Debug|x86.Build.0 = Debug|Win32
		{85EC78FB-A9F1-425A-B478-9B3CF38E3037}.Release|x64.ActiveCfg = Release|x64
		{85EC78FB-A9F1-425A-B478-9B3CF38E3037}.Release|x64.Build.0 = Release|x64
		{85EC78FB-A9F1-425A-B478-9B3CF38E3037}.Release|x86.ActiveCfg = Release|Win32
		{85EC78FB-A9F1-425A-B478-9B3CF38E3037}.Release|x86.Build.0 = Release|Win32
		{723B56E8-75E1-434A-9552-6DE460C82740}.Debug|x64.ActiveCfg = Debug|x64
		{723B56E8-75E1-434A-9552-6DE460C82740}.Debug|x64.Build.0 = Debug|x64
		{723B56E8-75E1-434A-9552-6DE460C82740}.Debug|x86.ActiveCfg = Debug|Win32
		{723B56E8-75E1-434A-9552-6DE460C82740}.Debug|x86.Build.0 = Debug|Win32
		{723B56E8-75E1-434A-9552-6DE460C82740}.Release|x64.ActiveCfg = Release|x64
		{723B56E8-75E1-434A-9552-6DE460C82740}.Release|x64.Build.0 = Release|x64
		{723B56E8-75E1-434A-9552-6DE460C82740}.Release|x86.ActiveCfg = Release|Win32
		{723B56E8-75E1-434A-9552-6DE460C82740}.Release|x86.Build.0 = Release|Win32
	EndGlobalSection
	GlobalSection(SolutionProperties) = preSolution
		HideSolutionNode = FALSE
	EndGlobalSection
	GlobalSection(ExtensibilityGlobals) = postSolution
		SolutionGuid = {48D96131-5CAB-4FB0-8AD5-564276351E85}
	EndGlobalSection
EndGlobal
